# THIS IS AN AUTOGENERATED FILE. DO NOT EDIT THIS FILE DIRECTLY.
# yarn lockfile v1


human-format@0.11.0:
  version "0.11.0"
  resolved "https://registry.yarnpkg.com/human-format/-/human-format-0.11.0.tgz#bfc85a6e135f9a9292d641a38e979ed9f82557e9"
  integrity sha512-g4UtoBnhfitCjkGjjiOlY8tkmArIcrstBa5adihxSJwSde1A7iQzvrNLB5ceX89FHXzYi9yTi04t3m82J/XIag==

module-require@*:
  version "1.4.5"
  resolved "https://registry.yarnpkg.com/module-require/-/module-require-1.4.5.tgz#633df0833443c9ad8596f4c42e5237348355af88"
  integrity sha1-Yz3wgzRDya2FlvTELlI3NINVr4g=

nodejs-fs-utils@1.2.5:
  version "1.2.5"
  resolved "https://registry.yarnpkg.com/nodejs-fs-utils/-/nodejs-fs-utils-1.2.5.tgz#0f5dd1c44097842de8bcc5f838ec87296d2f79e5"
  integrity sha512-QuIFfHWaQJhjmUnGSCq+knKrYL2Q8HJUNAzRk8qoHK+g0oKzq57MdB4tODIknclKII0oAO0kO1lDt8yLyLhsAQ==
  dependencies:
    module-require "*"

prettier@2.0.5:
  version "2.0.5"
  resolved "https://registry.yarnpkg.com/prettier/-/prettier-2.0.5.tgz#d6d56282455243f2f92cc1716692c08aa31522d4"
  integrity sha512-7PtVymN48hGcO4fGjybyBSIWDsLU4H4XlvOHfq91pz9kkGlonzwTfYkaIEwiRg/dAJF9YlbsduBAgtYLi+8cFg==
